Microsoft Visual Studio Solution File, Format Version 12.00
# Visual Studio Version 17
VisualStudioVersion = 17.5.2.0
MinimumVisualStudioVersion = 10.0.40219.1
Project("{FAE04EC0-301F-11D3-BF4B-00C04F79EFBC}") = "RazorPageLeifExample", "RazorPageLeifExample\RazorPageLeifExample.csproj", "{1967F302-6CBB-C923-12A2-02ACEC1F7328}"
EndProject
Global
	GlobalSection(SolutionConfigurationPlatforms) = preSolution
		Debug|Any CPU = Debug|Any CPU
		Release|Any CPU = Release|Any CPU
	EndGlobalSection
	GlobalSection(ProjectConfigurationPlatforms) = postSolution
		{1967F302-6CBB-C923-12A2-02ACEC1F7328}.Debug|Any CPU.ActiveCfg = Debug|Any CPU
		{1967F302-6CBB-C923-12A2-02ACEC1F7328}.Debug|Any CPU.Build.0 = Debug|Any CPU
		{1967F302-6CBB-C923-12A2-02ACEC1F7328}.Release|Any CPU.ActiveCfg = Release|Any CPU
		{1967F302-6CBB-C923-12A2-02ACEC1F7328}.Release|Any CPU.Build.0 = Release|Any CPU
	EndGlobalSection
	GlobalSection(SolutionProperties) = preSolution
		HideSolutionNode = FALSE
	EndGlobalSection
	GlobalSection(ExtensibilityGlobals) = postSolution
		SolutionGuid = {A511CFD1-ADDF-4A77-A121-DA40D90AEB58}
	EndGlobalSection
EndGlobal
